
Microsoft Visual Studio Solution File, Format Version 12.00
# Visual Studio 14
VisualStudioVersion = 14.0.25420.1
MinimumVisualStudioVersion = 10.0.40219.1
Project("{2150E333-8FDC-42A3-9474-1A3956D46DE8}") = "src", "src", "{5A5140F1-F0C5-40E7-8AFC-82D4CE82F1A5}"
EndProject
Project("{2150E333-8FDC-42A3-9474-1A3956D46DE8}") = "Solution Items", "Solution Items", "{9732D92C-9916-434F-A478-281EAAFEAACB}"
	ProjectSection(SolutionItems) = preProject
		global.json = global.json
	EndProjectSection
EndProject
Project("{8BB2217D-0F2D-49D1-97BC-3654ED321F3B}") = "MyTracker", "src\MyTracker\MyTracker.xproj", "{66B19A6F-9FBA-4A48-B456-37520CCE7FD9}"
EndProject
Global
	GlobalSection(SolutionConfigurationPlatforms) = preSolution
		Debug|Any CPU = Debug|Any CPU
		Release|Any CPU = Release|Any CPU
	EndGlobalSection
	GlobalSection(ProjectConfigurationPlatforms) = postSolution
		{66B19A6F-9FBA-4A48-B456-37520CCE7FD9}.Debug|Any CPU.ActiveCfg = Debug|Any CPU
		{66B19A6F-9FBA-4A48-B456-37520CCE7FD9}.Debug|Any CPU.Build.0 = Debug|Any CPU
		{66B19A6F-9FBA-4A48-B456-37520CCE7FD9}.Release|Any CPU.ActiveCfg = Release|Any CPU
		{66B19A6F-9FBA-4A48-B456-37520CCE7FD9}.Release|Any CPU.Build.0 = Release|Any CPU
	EndGlobalSection
	GlobalSection(SolutionProperties) = preSolution
		HideSolutionNode = FALSE
	EndGlobalSection
	GlobalSection(NestedProjects) = preSolution
		{66B19A6F-9FBA-4A48-B456-37520CCE7FD9} = {5A5140F1-F0C5-40E7-8AFC-82D4CE82F1A5}
	EndGlobalSection
EndGlobal
